
Microsoft Visual Studio Solution File, Format Version 12.00
# Visual Studio Version 16
VisualStudioVersion = 16.0.31624.102
MinimumVisualStudioVersion = 10.0.40219.1
Project("{FAE04EC0-301F-11D3-BF4B-00C04F79EFBC}") = "YurtOtomasyonSistemi", "YurtOtomasyonSistemi\YurtOtomasyonSistemi.csproj", "{83665C6B-9D76-4CEA-9AC5-0F661C9BB964}"
EndProject
Global
	GlobalSection(SolutionConfigurationPlatforms) = preSolution
		Debug|Any CPU = Debug|Any CPU
		Release|Any CPU = Release|Any CPU
	EndGlobalSection
	GlobalSection(ProjectConfigurationPlatforms) = postSolution
		{83665C6B-9D76-4CEA-9AC5-0F661C9BB964}.Debug|Any CPU.ActiveCfg = Debug|Any CPU
		{83665C6B-9D76-4CEA-9AC5-0F661C9BB964}.Debug|Any CPU.Build.0 = Debug|Any CPU
		{83665C6B-9D76-4CEA-9AC5-0F661C9BB964}.Release|Any CPU.ActiveCfg = Release|Any CPU
		{83665C6B-9D76-4CEA-9AC5-0F661C9BB964}.Release|Any CPU.Build.0 = Release|Any CPU
	EndGlobalSection
	GlobalSection(SolutionProperties) = preSolution
		HideSolutionNode = FALSE
	EndGlobalSection
	GlobalSection(ExtensibilityGlobals) = postSolution
		SolutionGuid = {634526E2-A3C6-4B95-8FE1-13903ECA73E6}
	EndGlobalSection
EndGlobal
